// !$*UTF8*$!
{
	archiveVersion = 1;
	classes = {
	};
	objectVersion = 56;
	objects = {

/* Begin PBXBuildFile section */
		56C527872B92928D00E1387F /* Main.storyboard in Resources */ = {isa = PBXBuildFile; fileRef = 56C527862B92928C00E1387F /* Main.storyboard */; };
		56C527892B92943100E1387F /* Task Detail in Resources */ = {isa = PBXBuildFile; fileRef = 56C527882B92943100E1387F /* Task Detail */; };
		56C5278B2B92944C00E1387F /* Task List in Resources */ = {isa = PBXBuildFile; fileRef = 56C5278A2B92944C00E1387F /* Task List */; };
		56CCD5202B9184C60075C9A5 /* AppDelegate.swift in Sources */ = {isa = PBXBuildFile; fileRef = 56CCD51F2B9184C60075C9A5 /* AppDelegate.swift */; };
		56CCD5222B9184C60075C9A5 /* SceneDelegate.swift in Sources */ = {isa = PBXBuildFile; fileRef = 56CCD5212B9184C60075C9A5 /* SceneDelegate.swift */; };
		56CCD5292B9184C80075C9A5 /* Assets.xcassets in Resources */ = {isa = PBXBuildFile; fileRef = 56CCD5282B9184C80075C9A5 /* Assets.xcassets */; };
		56CCD52C2B9184C80075C9A5 /* LaunchScreen.storyboard in Resources */ = {isa = PBXBuildFile; fileRef = 56CCD52A2B9184C80075C9A5 /* LaunchScreen.storyboard */; };
		56CCD5372B9184C80075C9A5 /* Scavenger_HuntTests.swift in Sources */ = {isa = PBXBuildFile; fileRef = 56CCD5362B9184C80075C9A5 /* Scavenger_HuntTests.swift */; };
		56CCD5412B9184C80075C9A5 /* Scavenger_HuntUITests.swift in Sources */ = {isa = PBXBuildFile; fileRef = 56CCD5402B9184C80075C9A5 /* Scavenger_HuntUITests.swift */; };
		56CCD5432B9184C80075C9A5 /* Scavenger_HuntUITestsLaunchTests.swift in Sources */ = {isa = PBXBuildFile; fileRef = 56CCD5422B9184C80075C9A5 /* Scavenger_HuntUITestsLaunchTests.swift */; };
/* End PBXBuildFile section */

/* Begin PBXContainerItemProxy section */
		56CCD5332B9184C80075C9A5 /* PBXContainerItemProxy */ = {
			isa = PBXContainerItemProxy;
			containerPortal = 56CCD5142B9184C60075C9A5 /* Project object */;
			proxyType = 1;
			remoteGlobalIDString = 56CCD51B2B9184C60075C9A5;
			remoteInfo = Scavenger_Hunt;
		};
		56CCD53D2B9184C80075C9A5 /* PBXContainerItemProxy */ = {
			isa = PBXContainerItemProxy;
			containerPortal = 56CCD5142B9184C60075C9A5 /* Project object */;
			proxyType = 1;
			remoteGlobalIDString = 56CCD51B2B9184C60075C9A5;
			remoteInfo = Scavenger_Hunt;
		};
/* End PBXContainerItemProxy section */

/* Begin PBXFileReference section */
		56C527862B92928C00E1387F /* Main.storyboard */ = {isa = PBXFileReference; fileEncoding = 4; lastKnownFileType = file.storyboard; path = Main.storyboard; sourceTree = "<group>"; };
		56C527882B92943100E1387F /* Task Detail */ = {isa = PBXFileReference; lastKnownFileType = folder; path = "Task Detail"; sourceTree = "<group>"; };
		56C5278A2B92944C00E1387F /* Task List */ = {isa = PBXFileReference; lastKnownFileType = folder; path = "Task List"; sourceTree = "<group>"; };
		56C5278D2B92948300E1387F /* Task.swift */ = {isa = PBXFileReference; lastKnownFileType = sourcecode.swift; path = Task.swift; sourceTree = "<group>"; };
		56CCD51C2B9184C60075C9A5 /* Scavenger_Hunt.app */ = {isa = PBXFileReference; explicitFileType = wrapper.application; includeInIndex = 0; path = Scavenger_Hunt.app; sourceTree = BUILT_PRODUCTS_DIR; };
		56CCD51F2B9184C60075C9A5 /* AppDelegate.swift */ = {isa = PBXFileReference; lastKnownFileType = sourcecode.swift; path = AppDelegate.swift; sourceTree = "<group>"; };
		56CCD5212B9184C60075C9A5 /* SceneDelegate.swift */ = {isa = PBXFileReference; lastKnownFileType = sourcecode.swift; path = SceneDelegate.swift; sourceTree = "<group>"; };
		56CCD5282B9184C80075C9A5 /* Assets.xcassets */ = {isa = PBXFileReference; lastKnownFileType = folder.assetcatalog; path = Assets.xcassets; sourceTree = "<group>"; };
		56CCD52B2B9184C80075C9A5 /* Base */ = {isa = PBXFileReference; lastKnownFileType = file.storyboard; name = Base; path = Base.lproj/LaunchScreen.storyboard; sourceTree = "<group>"; };
		56CCD52D2B9184C80075C9A5 /* Info.plist */ = {isa = PBXFileReference; lastKnownFileType = text.plist.xml; path = Info.plist; sourceTree = "<group>"; };
		56CCD5322B9184C80075C9A5 /* Scavenger_HuntTests.xctest */ = {isa = PBXFileReference; explicitFileType = wrapper.cfbundle; includeInIndex = 0; path = Scavenger_HuntTests.xctest; sourceTree = BUILT_PRODUCTS_DIR; };
		56CCD5362B9184C80075C9A5 /* Scavenger_HuntTests.swift */ = {isa = PBXFileReference; lastKnownFileType = sourcecode.swift; path = Scavenger_HuntTests.swift; sourceTree = "<group>"; };
		56CCD53C2B9184C80075C9A5 /* Scavenger_HuntUITests.xctest */ = {isa = PBXFileReference; explicitFileType = wrapper.cfbundle; includeInIndex = 0; path = Scavenger_HuntUITests.xctest; sourceTree = BUILT_PRODUCTS_DIR; };
		56CCD5402B9184C80075C9A5 /* Scavenger_HuntUITests.swift */ = {isa = PBXFileReference; lastKnownFileType = sourcecode.swift; path = Scavenger_HuntUITests.swift; sourceTree = "<group>"; };
		56CCD5422B9184C80075C9A5 /* Scavenger_HuntUITestsLaunchTests.swift */ = {isa = PBXFileReference; lastKnownFileType = sourcecode.swift; path = Scavenger_HuntUITestsLaunchTests.swift; sourceTree = "<group>"; };
/* End PBXFileReference section */

/* Begin PBXFrameworksBuildPhase section */
		56CCD5192B9184C60075C9A5 /* Frameworks */ = {
			isa = PBXFrameworksBuildPhase;
			buildActionMask = 2147483647;
			files = (
			);
			runOnlyForDeploymentPostprocessing = 0;
		};
		56CCD52F2B9184C80075C9A5 /* Frameworks */ = {
			isa = PBXFrameworksBuildPhase;
			buildActionMask = 2147483647;
			files = (
			);
			runOnlyForDeploymentPostprocessing = 0;
		};
		56CCD5392B9184C80075C9A5 /* Frameworks */ = {
			isa = PBXFrameworksBuildPhase;
			buildActionMask = 2147483647;
			files = (
			);
			runOnlyForDeploymentPostprocessing = 0;
		};
/* End PBXFrameworksBuildPhase section */

/* Begin PBXGroup section */
		56C5278C2B92948300E1387F /* Models */ = {
			isa = PBXGroup;
			children = (
				56C5278D2B92948300E1387F /* Task.swift */,
			);
			path = Models;
			sourceTree = "<group>";
		};
		56CCD5132B9184C60075C9A5 = {
			isa = PBXGroup;
			children = (
				56CCD51E2B9184C60075C9A5 /* Scavenger_Hunt */,
				56CCD5352B9184C80075C9A5 /* Scavenger_HuntTests */,
				56CCD53F2B9184C80075C9A5 /* Scavenger_HuntUITests */,
				56CCD51D2B9184C60075C9A5 /* Products */,
			);
			sourceTree = "<group>";
		};
		56CCD51D2B9184C60075C9A5 /* Products */ = {
			isa = PBXGroup;
			children = (
				56CCD51C2B9184C60075C9A5 /* Scavenger_Hunt.app */,
				56CCD5322B9184C80075C9A5 /* Scavenger_HuntTests.xctest */,
				56CCD53C2B9184C80075C9A5 /* Scavenger_HuntUITests.xctest */,
			);
			name = Products;
			sourceTree = "<group>";
		};
		56CCD51E2B9184C60075C9A5 /* Scavenger_Hunt */ = {
			isa = PBXGroup;
			children = (
				56CCD51F2B9184C60075C9A5 /* AppDelegate.swift */,
				56CCD5212B9184C60075C9A5 /* SceneDelegate.swift */,
				56CCD5282B9184C80075C9A5 /* Assets.xcassets */,
				56C527862B92928C00E1387F /* Main.storyboard */,
				56CCD52A2B9184C80075C9A5 /* LaunchScreen.storyboard */,
				56CCD52D2B9184C80075C9A5 /* Info.plist */,
				56C5278C2B92948300E1387F /* Models */,
				56C5278A2B92944C00E1387F /* Task List */,
				56C527882B92943100E1387F /* Task Detail */,
			);
			path = Scavenger_Hunt;
			sourceTree = "<group>";
		};
		56CCD5352B9184C80075C9A5 /* Scavenger_HuntTests */ = {
			isa = PBXGroup;
			children = (
				56CCD5362B9184C80075C9A5 /* Scavenger_HuntTests.swift */,
			);
			path = Scavenger_HuntTests;
			sourceTree = "<group>";
		};
		56CCD53F2B9184C80075C9A5 /* Scavenger_HuntUITests */ = {
			isa = PBXGroup;
			children = (
				56CCD5402B9184C80075C9A5 /* Scavenger_HuntUITests.swift */,
				56CCD5422B9184C80075C9A5 /* Scavenger_HuntUITestsLaunchTests.swift */,
			);
			path = Scavenger_HuntUITests;
			sourceTree = "<group>";
		};
/* End PBXGroup section */

/* Begin PBXNativeTarget section */
		56CCD51B2B9184C60075C9A5 /* Scavenger_Hunt */ = {
			isa = PBXNativeTarget;
			buildConfigurationList = 56CCD5462B9184C80075C9A5 /* Build configuration list for PBXNativeTarget "Scavenger_Hunt" */;
			buildPhases = (
				56CCD5182B9184C60075C9A5 /* Sources */,
				56CCD5192B9184C60075C9A5 /* Frameworks */,
				56CCD51A2B9184C60075C9A5 /* Resources */,
			);
			buildRules = (
			);
			dependencies = (
			);
			name = Scavenger_Hunt;
			productName = Scavenger_Hunt;
			productReference = 56CCD51C2B9184C60075C9A5 /* Scavenger_Hunt.app */;
			productType = "com.apple.product-type.application";
		};
		56CCD5312B9184C80075C9A5 /* Scavenger_HuntTests */ = {
			isa = PBXNativeTarget;
			buildConfigurationList = 56CCD5492B9184C80075C9A5 /* Build configuration list for PBXNativeTarget "Scavenger_HuntTests" */;
			buildPhases = (
				56CCD52E2B9184C80075C9A5 /* Sources */,
				56CCD52F2B9184C80075C9A5 /* Frameworks */,
				56CCD5302B9184C80075C9A5 /* Resources */,
			);
			buildRules = (
			);
			dependencies = (
				56CCD5342B9184C80075C9A5 /* PBXTargetDependency */,
			);
			name = Scavenger_HuntTests;
			productName = Scavenger_HuntTests;
			productReference = 56CCD5322B9184C80075C9A5 /* Scavenger_HuntTests.xctest */;
			productType = "com.apple.product-type.bundle.unit-test";
		};
		56CCD53B2B9184C80075C9A5 /* Scavenger_HuntUITests */ = {
			isa = PBXNativeTarget;
			buildConfigurationList = 56CCD54C2B9184C80075C9A5 /* Build configuration list for PBXNativeTarget "Scavenger_HuntUITests" */;
			buildPhases = (
				56CCD5382B9184C80075C9A5 /* Sources */,
				56CCD5392B9184C80075C9A5 /* Frameworks */,
				56CCD53A2B9184C80075C9A5 /* Resources */,
			);
			buildRules = (
			);
			dependencies = (
				56CCD53E2B9184C80075C9A5 /* PBXTargetDependency */,
			);
			name = Scavenger_HuntUITests;
			productName = Scavenger_HuntUITests;
			productReference = 56CCD53C2B9184C80075C9A5 /* Scavenger_HuntUITests.xctest */;
			productType = "com.apple.product-type.bundle.ui-testing";
		};
/* End PBXNativeTarget section */

/* Begin PBXProject section */
		56CCD5142B9184C60075C9A5 /* Project object */ = {
			isa = PBXProject;
			attributes = {
				BuildIndependentTargetsInParallel = 1;
				LastSwiftUpdateCheck = 1520;
				LastUpgradeCheck = 1520;
				TargetAttributes = {
					56CCD51B2B9184C60075C9A5 = {
						CreatedOnToolsVersion = 15.2;
					};
					56CCD5312B9184C80075C9A5 = {
						CreatedOnToolsVersion = 15.2;
						TestTargetID = 56CCD51B2B9184C60075C9A5;
					};
					56CCD53B2B9184C80075C9A5 = {
						CreatedOnToolsVersion = 15.2;
						TestTargetID = 56CCD51B2B9184C60075C9A5;
					};
				};
			};
			buildConfigurationList = 56CCD5172B9184C60075C9A5 /* Build configuration list for PBXProject "Scavenger_Hunt" */;
			compatibilityVersion = "Xcode 14.0";
			developmentRegion = en;
			hasScannedForEncodings = 0;
			knownRegions = (
				en,
				Base,
			);
			mainGroup = 56CCD5132B9184C60075C9A5;
			productRefGroup = 56CCD51D2B9184C60075C9A5 /* Products */;
			projectDirPath = "";
			projectRoot = "";
			targets = (
				56CCD51B2B9184C60075C9A5 /* Scavenger_Hunt */,
				56CCD5312B9184C80075C9A5 /* Scavenger_HuntTests */,
				56CCD53B2B9184C80075C9A5 /* Scavenger_HuntUITests */,
			);
		};
/* End PBXProject section */

/* Begin PBXResourcesBuildPhase section */
		56CCD51A2B9184C60075C9A5 /* Resources */ = {
			isa = PBXResourcesBuildPhase;
			buildActionMask = 2147483647;
			files = (
				56C527872B92928D00E1387F /* Main.storyboard in Resources */,
				56C527892B92943100E1387F /* Task Detail in Resources */,
				56CCD52C2B9184C80075C9A5 /* LaunchScreen.storyboard in Resources */,
				56CCD5292B9184C80075C9A5 /* Assets.xcassets in Resources */,
				56C5278B2B92944C00E1387F /* Task List in Resources */,
			);
			runOnlyForDeploymentPostprocessing = 0;
		};
		56CCD5302B9184C80075C9A5 /* Resources */ = {
			isa = PBXResourcesBuildPhase;
			buildActionMask = 2147483647;
			files = (
			);
			runOnlyForDeploymentPostprocessing = 0;
		};
		56CCD53A2B9184C80075C9A5 /* Resources */ = {
			isa = PBXResourcesBuildPhase;
			buildActionMask = 2147483647;
			files = (
			);
			runOnlyForDeploymentPostprocessing = 0;
		};
/* End PBXResourcesBuildPhase section */

/* Begin PBXSourcesBuildPhase section */
		56CCD5182B9184C60075C9A5 /* Sources */ = {
			isa = PBXSourcesBuildPhase;
			buildActionMask = 2147483647;
			files = (
				56CCD5202B9184C60075C9A5 /* AppDelegate.swift in Sources */,
				56CCD5222B9184C60075C9A5 /* SceneDelegate.swift in Sources */,
			);
			runOnlyForDeploymentPostprocessing = 0;
		};
		56CCD52E2B9184C80075C9A5 /* Sources */ = {
			isa = PBXSourcesBuildPhase;
			buildActionMask = 2147483647;
			files = (
				56CCD5372B9184C80075C9A5 /* Scavenger_HuntTests.swift in Sources */,
			);
			runOnlyForDeploymentPostprocessing = 0;
		};
		56CCD5382B9184C80075C9A5 /* Sources */ = {
			isa = PBXSourcesBuildPhase;
			buildActionMask = 2147483647;
			files = (
				56CCD5432B9184C80075C9A5 /* Scavenger_HuntUITestsLaunchTests.swift in Sources */,
				56CCD5412B9184C80075C9A5 /* Scavenger_HuntUITests.swift in Sources */,
			);
			runOnlyForDeploymentPostprocessing = 0;
		};
/* End PBXSourcesBuildPhase section */

/* Begin PBXTargetDependency section */
		56CCD5342B9184C80075C9A5 /* PBXTargetDependency */ = {
			isa = PBXTargetDependency;
			target = 56CCD51B2B9184C60075C9A5 /* Scavenger_Hunt */;
			targetProxy = 56CCD5332B9184C80075C9A5 /* PBXContainerItemProxy */;
		};
		56CCD53E2B9184C80075C9A5 /* PBXTargetDependency */ = {
			isa = PBXTargetDependency;
			target = 56CCD51B2B9184C60075C9A5 /* Scavenger_Hunt */;
			targetProxy = 56CCD53D2B9184C80075C9A5 /* PBXContainerItemProxy */;
		};
/* End PBXTargetDependency section */

/* Begin PBXVariantGroup section */
		56CCD52A2B9184C80075C9A5 /* LaunchScreen.storyboard */ = {
			isa = PBXVariantGroup;
			children = (
				56CCD52B2B9184C80075C9A5 /* Base */,
			);
			name = LaunchScreen.storyboard;
			sourceTree = "<group>";
		};
/* End PBXVariantGroup section */

/* Begin XCBuildConfiguration section */
		56CCD5442B9184C80075C9A5 /* Debug */ = {
			isa = XCBuildConfiguration;
			buildSettings = {
				ALWAYS_SEARCH_USER_PATHS = NO;
				ASSETCATALOG_COMPILER_GENERATE_SWIFT_ASSET_SYMBOL_EXTENSIONS = YES;
				CLANG_ANALYZER_NONNULL = YES;
				CLANG_ANALYZER_NUMBER_OBJECT_CONVERSION = YES_AGGRESSIVE;
				CLANG_CXX_LANGUAGE_STANDARD = "gnu++20";
				CLANG_ENABLE_MODULES = YES;
				CLANG_ENABLE_OBJC_ARC = YES;
				CLANG_ENABLE_OBJC_WEAK = YES;
				CLANG_WARN_BLOCK_CAPTURE_AUTORELEASING = YES;
				CLANG_WARN_BOOL_CONVERSION = YES;
				CLANG_WARN_COMMA = YES;
				CLANG_WARN_CONSTANT_CONVERSION = YES;
				CLANG_WARN_DEPRECATED_OBJC_IMPLEMENTATIONS = YES;
				CLANG_WARN_DIRECT_OBJC_ISA_USAGE = YES_ERROR;
				CLANG_WARN_DOCUMENTATION_COMMENTS = YES;
				CLANG_WARN_EMPTY_BODY = YES;
				CLANG_WARN_ENUM_CONVERSION = YES;
				CLANG_WARN_INFINITE_RECURSION = YES;
				CLANG_WARN_INT_CONVERSION = YES;
				CLANG_WARN_NON_LITERAL_NULL_CONVERSION = YES;
				CLANG_WARN_OBJC_IMPLICIT_RETAIN_SELF = YES;
				CLANG_WARN_OBJC_LITERAL_CONVERSION = YES;
				CLANG_WARN_OBJC_ROOT_CLASS = YES_ERROR;
				CLANG_WARN_QUOTED_INCLUDE_IN_FRAMEWORK_HEADER = YES;
				CLANG_WARN_RANGE_LOOP_ANALYSIS = YES;
				CLANG_WARN_STRICT_PROTOTYPES = YES;
				CLANG_WARN_SUSPICIOUS_MOVE = YES;
				CLANG_WARN_UNGUARDED_AVAILABILITY = YES_AGGRESSIVE;
				CLANG_WARN_UNREACHABLE_CODE = YES;
				CLANG_WARN__DUPLICATE_METHOD_MATCH = YES;
				COPY_PHASE_STRIP = NO;
				DEBUG_INFORMATION_FORMAT = dwarf;
				ENABLE_STRICT_OBJC_MSGSEND = YES;
				ENABLE_TESTABILITY = YES;
				ENABLE_USER_SCRIPT_SANDBOXING = YES;
				GCC_C_LANGUAGE_STANDARD = gnu17;
				GCC_DYNAMIC_NO_PIC = NO;
				GCC_NO_COMMON_BLOCKS = YES;
				GCC_OPTIMIZATION_LEVEL = 0;
				GCC_PREPROCESSOR_DEFINITIONS = (
					"DEBUG=1",
					"$(inherited)",
				);
				GCC_WARN_64_TO_32_BIT_CONVERSION = YES;
				GCC_WARN_ABOUT_RETURN_TYPE = YES_ERROR;
				GCC_WARN_UNDECLARED_SELECTOR = YES;
				GCC_WARN_UNINITIALIZED_AUTOS = YES_AGGRESSIVE;
				GCC_WARN_UNUSED_FUNCTION = YES;
				GCC_WARN_UNUSED_VARIABLE = YES;
				IPHONEOS_DEPLOYMENT_TARGET = 17.2;
				LOCALIZATION_PREFERS_STRING_CATALOGS = YES;
				MTL_ENABLE_DEBUG_INFO = INCLUDE_SOURCE;
				MTL_FAST_MATH = YES;
				ONLY_ACTIVE_ARCH = YES;
				SDKROOT = iphoneos;
				SWIFT_ACTIVE_COMPILATION_CONDITIONS = "DEBUG $(inherited)";
				SWIFT_OPTIMIZATION_LEVEL = "-Onone";
			};
			name = Debug;
		};
		56CCD5452B9184C80075C9A5 /* Release */ = {
			isa = XCBuildConfiguration;
			buildSettings = {
				ALWAYS_SEARCH_USER_PATHS = NO;
				ASSETCATALOG_COMPILER_GENERATE_SWIFT_ASSET_SYMBOL_EXTENSIONS = YES;
				CLANG_ANALYZER_NONNULL = YES;
				CLANG_ANALYZER_NUMBER_OBJECT_CONVERSION = YES_AGGRESSIVE;
				CLANG_CXX_LANGUAGE_STANDARD = "gnu++20";
				CLANG_ENABLE_MODULES = YES;
				CLANG_ENABLE_OBJC_ARC = YES;
				CLANG_ENABLE_OBJC_WEAK = YES;
				CLANG_WARN_BLOCK_CAPTURE_AUTORELEASING = YES;
				CLANG_WARN_BOOL_CONVERSION = YES;
				CLANG_WARN_COMMA = YES;
				CLANG_WARN_CONSTANT_CONVERSION = YES;
				CLANG_WARN_DEPRECATED_OBJC_IMPLEMENTATIONS = YES;
				CLANG_WARN_DIRECT_OBJC_ISA_USAGE = YES_ERROR;
				CLANG_WARN_DOCUMENTATION_COMMENTS = YES;
				CLANG_WARN_EMPTY_BODY = YES;
				CLANG_WARN_ENUM_CONVERSION = YES;
				CLANG_WARN_INFINITE_RECURSION = YES;
				CLANG_WARN_INT_CONVERSION = YES;
				CLANG_WARN_NON_LITERAL_NULL_CONVERSION = YES;
				CLANG_WARN_OBJC_IMPLICIT_RETAIN_SELF = YES;
				CLANG_WARN_OBJC_LITERAL_CONVERSION = YES;
				CLANG_WARN_OBJC_ROOT_CLASS = YES_ERROR;
				CLANG_WARN_QUOTED_INCLUDE_IN_FRAMEWORK_HEADER = YES;
				CLANG_WARN_RANGE_LOOP_ANALYSIS = YES;
				CLANG_WARN_STRICT_PROTOTYPES = YES;
				CLANG_WARN_SUSPICIOUS_MOVE = YES;
				CLANG_WARN_UNGUARDED_AVAILABILITY = YES_AGGRESSIVE;
				CLANG_WARN_UNREACHABLE_CODE = YES;
				CLANG_WARN__DUPLICATE_METHOD_MATCH = YES;
				COPY_PHASE_STRIP = NO;
				DEBUG_INFORMATION_FORMAT = "dwarf-with-dsym";
				ENABLE_NS_ASSERTIONS = NO;
				ENABLE_STRICT_OBJC_MSGSEND = YES;
				ENABLE_USER_SCRIPT_SANDBOXING = YES;
				GCC_C_LANGUAGE_STANDARD = gnu17;
				GCC_NO_COMMON_BLOCKS = YES;
				GCC_WARN_64_TO_32_BIT_CONVERSION = YES;
				GCC_WARN_ABOUT_RETURN_TYPE = YES_ERROR;
				GCC_WARN_UNDECLARED_SELECTOR = YES;
				GCC_WARN_UNINITIALIZED_AUTOS = YES_AGGRESSIVE;
				GCC_WARN_UNUSED_FUNCTION = YES;
				GCC_WARN_UNUSED_VARIABLE = YES;
				IPHONEOS_DEPLOYMENT_TARGET = 17.2;
				LOCALIZATION_PREFERS_STRING_CATALOGS = YES;
				MTL_ENABLE_DEBUG_INFO = NO;
				MTL_FAST_MATH = YES;
				SDKROOT = iphoneos;
				SWIFT_COMPILATION_MODE = wholemodule;
				VALIDATE_PRODUCT = YES;
			};
			name = Release;
		};
		56CCD5472B9184C80075C9A5 /* Debug */ = {
			isa = XCBuildConfiguration;
			buildSettings = {
				ASSETCATALOG_COMPILER_APPICON_NAME = AppIcon;
				ASSETCATALOG_COMPILER_GLOBAL_ACCENT_COLOR_NAME = AccentColor;
				CODE_SIGN_STYLE = Automatic;
				CURRENT_PROJECT_VERSION = 1;
				GENERATE_INFOPLIST_FILE = YES;
				INFOPLIST_FILE = Scavenger_Hunt/Info.plist;
				INFOPLIST_KEY_UIApplicationSupportsIndirectInputEvents = YES;
				INFOPLIST_KEY_UILaunchStoryboardName = LaunchScreen;
				INFOPLIST_KEY_UIMainStoryboardFile = Main;
				INFOPLIST_KEY_UISupportedInterfaceOrientations_iPad = "UIInterfaceOrientationPortrait UIInterfaceOrientationPortraitUpsideDown UIInterfaceOrientationLandscapeLeft UIInterfaceOrientationLandscapeRight";
				INFOPLIST_KEY_UISupportedInterfaceOrientations_iPhone = "UIInterfaceOrientationPortrait UIInterfaceOrientationLandscapeLeft UIInterfaceOrientationLandscapeRight";
				LD_RUNPATH_SEARCH_PATHS = (
					"$(inherited)",
					"@executable_path/Frameworks",
				);
				MARKETING_VERSION = 1.0;
				PRODUCT_BUNDLE_IDENTIFIER = "Code-Path.Scavenger-Hunt";
				PRODUCT_NAME = "$(TARGET_NAME)";
				SWIFT_EMIT_LOC_STRINGS = YES;
				SWIFT_VERSION = 5.0;
				TARGETED_DEVICE_FAMILY = "1,2";
			};
			name = Debug;
		};
		56CCD5482B9184C80075C9A5 /* Release */ = {
			isa = XCBuildConfiguration;
			buildSettings = {
				ASSETCATALOG_COMPILER_APPICON_NAME = AppIcon;
				ASSETCATALOG_COMPILER_GLOBAL_ACCENT_COLOR_NAME = AccentColor;
				CODE_SIGN_STYLE = Automatic;
				CURRENT_PROJECT_VERSION = 1;
				GENERATE_INFOPLIST_FILE = YES;
				INFOPLIST_FILE = Scavenger_Hunt/Info.plist;
				INFOPLIST_KEY_UIApplicationSupportsIndirectInputEvents = YES;
				INFOPLIST_KEY_UILaunchStoryboardName = LaunchScreen;
				INFOPLIST_KEY_UIMainStoryboardFile = Main;
				INFOPLIST_KEY_UISupportedInterfaceOrientations_iPad = "UIInterfaceOrientationPortrait UIInterfaceOrientationPortraitUpsideDown UIInterfaceOrientationLandscapeLeft UIInterfaceOrientationLandscapeRight";
				INFOPLIST_KEY_UISupportedInterfaceOrientations_iPhone = "UIInterfaceOrientationPortrait UIInterfaceOrientationLandscapeLeft UIInterfaceOrientationLandscapeRight";
				LD_RUNPATH_SEARCH_PATHS = (
					"$(inherited)",
					"@executable_path/Frameworks",
				);
				MARKETING_VERSION = 1.0;
				PRODUCT_BUNDLE_IDENTIFIER = "Code-Path.Scavenger-Hunt";
				PRODUCT_NAME = "$(TARGET_NAME)";
				SWIFT_EMIT_LOC_STRINGS = YES;
				SWIFT_VERSION = 5.0;
				TARGETED_DEVICE_FAMILY = "1,2";
			};
			name = Release;
		};
		56CCD54A2B9184C80075C9A5 /* Debug */ = {
			isa = XCBuildConfiguration;
			buildSettings = {
				ALWAYS_EMBED_SWIFT_STANDARD_LIBRARIES = YES;
				BUNDLE_LOADER = "$(TEST_HOST)";
				CODE_SIGN_STYLE = Automatic;
				CURRENT_PROJECT_VERSION = 1;
				GENERATE_INFOPLIST_FILE = YES;
				IPHONEOS_DEPLOYMENT_TARGET = 17.2;
				MARKETING_VERSION = 1.0;
				PRODUCT_BUNDLE_IDENTIFIER = "Code-Path.Scavenger-HuntTests";
				PRODUCT_NAME = "$(TARGET_NAME)";
				SWIFT_EMIT_LOC_STRINGS = NO;
				SWIFT_VERSION = 5.0;
				TARGETED_DEVICE_FAMILY = "1,2";
				TEST_HOST = "$(BUILT_PRODUCTS_DIR)/Scavenger_Hunt.app/$(BUNDLE_EXECUTABLE_FOLDER_PATH)/Scavenger_Hunt";
			};
			name = Debug;
		};
		56CCD54B2B9184C80075C9A5 /* Release */ = {
			isa = XCBuildConfiguration;
			buildSettings = {
				ALWAYS_EMBED_SWIFT_STANDARD_LIBRARIES = YES;
				BUNDLE_LOADER = "$(TEST_HOST)";
				CODE_SIGN_STYLE = Automatic;
				CURRENT_PROJECT_VERSION = 1;
				GENERATE_INFOPLIST_FILE = YES;
				IPHONEOS_DEPLOYMENT_TARGET = 17.2;
				MARKETING_VERSION = 1.0;
				PRODUCT_BUNDLE_IDENTIFIER = "Code-Path.Scavenger-HuntTests";
				PRODUCT_NAME = "$(TARGET_NAME)";
				SWIFT_EMIT_LOC_STRINGS = NO;
				SWIFT_VERSION = 5.0;
				TARGETED_DEVICE_FAMILY = "1,2";
				TEST_HOST = "$(BUILT_PRODUCTS_DIR)/Scavenger_Hunt.app/$(BUNDLE_EXECUTABLE_FOLDER_PATH)/Scavenger_Hunt";
			};
			name = Release;
		};
		56CCD54D2B9184C80075C9A5 /* Debug */ = {
			isa = XCBuildConfiguration;
			buildSettings = {
				ALWAYS_EMBED_SWIFT_STANDARD_LIBRARIES = YES;
				CODE_SIGN_STYLE = Automatic;
				CURRENT_PROJECT_VERSION = 1;
				GENERATE_INFOPLIST_FILE = YES;
				MARKETING_VERSION = 1.0;
				PRODUCT_BUNDLE_IDENTIFIER = "Code-Path.Scavenger-HuntUITests";
				PRODUCT_NAME = "$(TARGET_NAME)";
				SWIFT_EMIT_LOC_STRINGS = NO;
				SWIFT_VERSION = 5.0;
				TARGETED_DEVICE_FAMILY = "1,2";
				TEST_TARGET_NAME = Scavenger_Hunt;
			};
			name = Debug;
		};
		56CCD54E2B9184C80075C9A5 /* Release */ = {
			isa = XCBuildConfiguration;
			buildSettings = {
				ALWAYS_EMBED_SWIFT_STANDARD_LIBRARIES = YES;
				CODE_SIGN_STYLE = Automatic;
				CURRENT_PROJECT_VERSION = 1;
				GENERATE_INFOPLIST_FILE = YES;
				MARKETING_VERSION = 1.0;
				PRODUCT_BUNDLE_IDENTIFIER = "Code-Path.Scavenger-HuntUITests";
				PRODUCT_NAME = "$(TARGET_NAME)";
				SWIFT_EMIT_LOC_STRINGS = NO;
				SWIFT_VERSION = 5.0;
				TARGETED_DEVICE_FAMILY = "1,2";
				TEST_TARGET_NAME = Scavenger_Hunt;
			};
			name = Release;
		};
/* End XCBuildConfiguration section */

/* Begin XCConfigurationList section */
		56CCD5172B9184C60075C9A5 /* Build configuration list for PBXProject "Scavenger_Hunt" */ = {
			isa = XCConfigurationList;
			buildConfigurations = (
				56CCD5442B9184C80075C9A5 /* Debug */,
				56CCD5452B9184C80075C9A5 /* Release */,
			);
			defaultConfigurationIsVisible = 0;
			defaultConfigurationName = Release;
		};
		56CCD5462B9184C80075C9A5 /* Build configuration list for PBXNativeTarget "Scavenger_Hunt" */ = {
			isa = XCConfigurationList;
			buildConfigurations = (
				56CCD5472B9184C80075C9A5 /* Debug */,
				56CCD5482B9184C80075C9A5 /* Release */,
			);
			defaultConfigurationIsVisible = 0;
			defaultConfigurationName = Release;
		};
		56CCD5492B9184C80075C9A5 /* Build configuration list for PBXNativeTarget "Scavenger_HuntTests" */ = {
			isa = XCConfigurationList;
			buildConfigurations = (
				56CCD54A2B9184C80075C9A5 /* Debug */,
				56CCD54B2B9184C80075C9A5 /* Release */,
			);
			defaultConfigurationIsVisible = 0;
			defaultConfigurationName = Release;
		};
		56CCD54C2B9184C80075C9A5 /* Build configuration list for PBXNativeTarget "Scavenger_HuntUITests" */ = {
			isa = XCConfigurationList;
			buildConfigurations = (
				56CCD54D2B9184C80075C9A5 /* Debug */,
				56CCD54E2B9184C80075C9A5 /* Release */,
			);
			defaultConfigurationIsVisible = 0;
			defaultConfigurationName = Release;
		};
/* End XCConfigurationList section */
	};
	rootObject = 56CCD5142B9184C60075C9A5 /* Project object */;
}
